
Microsoft Visual Studio Solution File, Format Version 12.00
# Visual Studio Version 17
VisualStudioVersion = 17.6.33829.357
MinimumVisualStudioVersion = 10.0.40219.1
Project("{FAE04EC0-301F-11D3-BF4B-00C04F79EFBC}") = "Week5", "Week5\Week5.csproj", "{9EACD4FB-1A05-48A1-A4DE-47B423DB6115}"
EndProject
Global
	GlobalSection(SolutionConfigurationPlatforms) = preSolution
		Debug|Any CPU = Debug|Any CPU
		Release|Any CPU = Release|Any CPU
	EndGlobalSection
	GlobalSection(ProjectConfigurationPlatforms) = postSolution
		{9EACD4FB-1A05-48A1-A4DE-47B423DB6115}.Debug|Any CPU.ActiveCfg = Debug|Any CPU
		{9EACD4FB-1A05-48A1-A4DE-47B423DB6115}.Debug|Any CPU.Build.0 = Debug|Any CPU
		{9EACD4FB-1A05-48A1-A4DE-47B423DB6115}.Release|Any CPU.ActiveCfg = Release|Any CPU
		{9EACD4FB-1A05-48A1-A4DE-47B423DB6115}.Release|Any CPU.Build.0 = Release|Any CPU
	EndGlobalSection
	GlobalSection(SolutionProperties) = preSolution
		HideSolutionNode = FALSE
	EndGlobalSection
	GlobalSection(ExtensibilityGlobals) = postSolution
		SolutionGuid = {D2BF92F1-1FD6-48E5-91EE-303EE43F579A}
	EndGlobalSection
EndGlobal
